{
    "name": "tw5-syntax",
    "version": "2.1.0",
    "lockfileVersion": 3,
    "requires": true,
    "packages": {
        "": {
            "name": "tw5-syntax",
            "version": "2.1.0",
            "devDependencies": {
                "language-gfm": "https://github.com/atom/language-gfm",
                "tm-grammars": "^1.7.2",
                "tm-themes": "^1.4.1",
                "vscode-jsp": "https://github.com/pthorsson/vscode-jsp",
                "vscode-tmgrammar-test": "^0.1.3"
            },
            "engines": {
                "vscode": "^1.43.0"
            }
        },
        "node_modules/ansi-styles": {
            "version": "3.2.1",
            "dev": true,
            "license": "MIT",
            "dependencies": {
                "color-convert": "^1.9.0"
            },
            "engines": {
                "node": ">=4"
            }
        },
        "node_modules/balanced-match": {
            "version": "1.0.2",
            "dev": true,
            "license": "MIT"
        },
        "node_modules/bottleneck": {
            "version": "2.19.5",
            "dev": true,
            "license": "MIT"
        },
        "node_modules/brace-expansion": {
            "version": "1.1.18",
            "resolved": "https://registry.npmjs.org/brace-expansion/-/brace-expansion-1.1.18.tgz",
            "integrity": "sha512-Edep/X9fGqVNmzKBVsDYIOtD+z1tuezV70LBjdCst9Tqu76lsnvRiZ6oTic1n+/BIwX6QDGAO94PN4N2SADvtw==",
            "dev": true,
            "license": "MIT",
            "dependencies": {
                "balanced-match": "^1.0.0",
                "concat-map": "0.0.1"
            }
        },
        "node_modules/chalk": {
            "version": "2.4.2",
            "dev": true,
            "license": "MIT",
            "dependencies": {
                "ansi-styles": "^3.2.1",
                "escape-string-regexp": "^1.0.5",
                "supports-color": "^5.3.0"
            },
            "engines": {
                "node": ">=4"
            }
        },
        "node_modules/color-convert": {
            "version": "1.9.3",
            "dev": true,
            "license": "MIT",
            "dependencies": {
                "color-name": "1.1.3"
            }
        },
        "node_modules/color-name": {
            "version": "1.1.3",
            "dev": true,
            "license": "MIT"
        },
        "node_modules/commander": {
            "version": "9.5.0",
            "dev": true,
            "license": "MIT",
            "engines": {
                "node": "^12.20.0 || >=14"
            }
        },
        "node_modules/concat-map": {
            "version": "0.0.1",
            "dev": true,
            "license": "MIT"
        },
        "node_modules/diff": {
            "version": "4.0.2",
            "dev": true,
            "license": "BSD-3-Clause",
            "engines": {
                "node": ">=0.3.1"
            }
        },
        "node_modules/escape-string-regexp": {
            "version": "1.0.5",
            "dev": true,
            "license": "MIT",
            "engines": {
                "node": ">=0.8.0"
            }
        },
        "node_modules/fs.realpath": {
            "version": "1.0.0",
            "dev": true,
            "license": "ISC"
        },
        "node_modules/glob": {
            "version": "7.2.3",
            "dev": true,
            "license": "ISC",
            "dependencies": {
                "fs.realpath": "^1.0.0",
                "inflight": "^1.0.4",
                "inherits": "2",
                "minimatch": "^3.1.1",
                "once": "^1.3.0",
                "path-is-absolute": "^1.0.0"
            },
            "engines": {
                "node": "*"
            },
            "funding": {
                "url": "https://github.com/sponsors/isaacs"
            }
        },
        "node_modules/has-flag": {
            "version": "3.0.0",
            "dev": true,
            "license": "MIT",
            "engines": {
                "node": ">=4"
            }
        },
        "node_modules/inflight": {
            "version": "1.0.6",
            "dev": true,
            "license": "ISC",
            "dependencies": {
                "once": "^1.3.0",
                "wrappy": "1"
            }
        },
        "node_modules/inherits": {
            "version": "2.0.4",
            "dev": true,
            "license": "ISC"
        },
        "node_modules/language-gfm": {
            "version": "0.90.8",
            "resolved": "git+ssh://git@github.com/atom/language-gfm.git#6686ac6ccca2632af24d5c200f85bcd80b9fa752",
            "dev": true,
            "engines": {
                "atom": "*"
            }
        },
        "node_modules/minimatch": {
            "version": "3.1.5",
            "resolved": "https://registry.npmjs.org/minimatch/-/minimatch-3.1.5.tgz",
            "integrity": "sha512-VgjWUsnnT6n+NUk6eZq77zeFdpW2LWDzP6zFGrCbHXiYNul5Dzqk2HHQ5uFH2DNW5Xbp8+jVzaeNt94ssEEl4w==",
            "dev": true,
            "license": "ISC",
            "dependencies": {
                "brace-expansion": "^1.1.7"
            },
            "engines": {
                "node": "*"
            }
        },
        "node_modules/once": {
            "version": "1.4.0",
            "dev": true,
            "license": "ISC",
            "dependencies": {
                "wrappy": "1"
            }
        },
        "node_modules/path-is-absolute": {
            "version": "1.0.1",
            "dev": true,
            "license": "MIT",
            "engines": {
                "node": ">=0.10.0"
            }
        },
        "node_modules/supports-color": {
            "version": "5.5.0",
            "dev": true,
            "license": "MIT",
            "dependencies": {
                "has-flag": "^3.0.0"
            },
            "engines": {
                "node": ">=4"
            }
        },
        "node_modules/tm-grammars": {
            "version": "1.7.2",
            "resolved": "https://registry.npmjs.org/tm-grammars/-/tm-grammars-1.7.2.tgz",
            "integrity": "sha512-oBg29wHPvn384b1qtff0NKFu0bCY+Y9i+56ISrqn+Rb0ARzKWvrJ1GcbVyLKQgZC7JSOLcd9mHG+C+RFxWacDQ==",
            "dev": true,
            "funding": {
                "url": "https://github.com/sponsors/antfu"
            }
        },
        "node_modules/tm-themes": {
            "version": "1.4.1",
            "resolved": "https://registry.npmjs.org/tm-themes/-/tm-themes-1.4.1.tgz",
            "integrity": "sha512-vPA4p/jPpqdusyOQC/rjYXWY/srG9Es+6yczNy69hKVLzG/EGLPsc7G9WDJkM4ksHtdATbi2cD0jcgjd2DjDQA==",
            "dev": true,
            "funding": {
                "url": "https://github.com/sponsors/antfu"
            }
        },
        "node_modules/vscode-jsp": {
            "version": "0.0.3",
            "resolved": "git+ssh://git@github.com/pthorsson/vscode-jsp.git#fe811b1196530672cae7aa7f774393fb615a21bd",
            "dev": true,
            "engines": {
                "vscode": "0.10.x"
            }
        },
        "node_modules/vscode-oniguruma": {
            "version": "1.7.0",
            "dev": true,
            "license": "MIT"
        },
        "node_modules/vscode-textmate": {
            "version": "7.0.4",
            "dev": true,
            "license": "MIT"
        },
        "node_modules/vscode-tmgrammar-test": {
            "version": "0.1.3",
            "dev": true,
            "license": "MIT",
            "dependencies": {
                "bottleneck": "^2.19.5",
                "chalk": "^2.4.2",
                "commander": "^9.2.0",
                "diff": "^4.0.2",
                "glob": "^7.1.6",
                "vscode-oniguruma": "^1.5.1",
                "vscode-textmate": "^7.0.1"
            },
            "bin": {
                "vscode-tmgrammar-snap": "dist/snapshot.js",
                "vscode-tmgrammar-test": "dist/unit.js"
            }
        },
        "node_modules/wrappy": {
            "version": "1.0.2",
            "dev": true,
            "license": "ISC"
        }
    }
}
